// !$*UTF8*$!
{
	archiveVersion = 1;
	classes = {
	};
	objectVersion = 50;
	objects = {

/* Begin PBXBuildFile section */
		3DAE3B6D2534FF88007933BE /* AppDelegate.swift in Sources */ = {isa = PBXBuildFile; fileRef = 3DAE3B6C2534FF88007933BE /* AppDelegate.swift */; };
		3DAE3B6F2534FF88007933BE /* ViewController.swift in Sources */ = {isa = PBXBuildFile; fileRef = 3DAE3B6E2534FF88007933BE /* ViewController.swift */; };
		3DAE3B722534FF88007933BE /* Main.storyboard in Resources */ = {isa = PBXBuildFile; fileRef = 3DAE3B702534FF88007933BE /* Main.storyboard */; };
		3DAE3B742534FF8A007933BE /* Assets.xcassets in Resources */ = {isa = PBXBuildFile; fileRef = 3DAE3B732534FF8A007933BE /* Assets.xcassets */; };
		3DAE3B772534FF8A007933BE /* LaunchScreen.storyboard in Resources */ = {isa = PBXBuildFile; fileRef = 3DAE3B752534FF8A007933BE /* LaunchScreen.storyboard */; };
		3DAE3B822534FF8A007933BE /* ImagenesYNavegacionTests.swift in Sources */ = {isa = PBXBuildFile; fileRef = 3DAE3B812534FF8A007933BE /* ImagenesYNavegacionTests.swift */; };
		3DAE3B8D2534FF8A007933BE /* ImagenesYNavegacionUITests.swift in Sources */ = {isa = PBXBuildFile; fileRef = 3DAE3B8C2534FF8A007933BE /* ImagenesYNavegacionUITests.swift */; };
/* End PBXBuildFile section */

/* Begin PBXContainerItemProxy section */
		3DAE3B7E2534FF8A007933BE /* PBXContainerItemProxy */ = {
			isa = PBXContainerItemProxy;
			containerPortal = 3DAE3B612534FF88007933BE /* Project object */;
			proxyType = 1;
			remoteGlobalIDString = 3DAE3B682534FF88007933BE;
			remoteInfo = ImagenesYNavegacion;
		};
		3DAE3B892534FF8A007933BE /* PBXContainerItemProxy */ = {
			isa = PBXContainerItemProxy;
			containerPortal = 3DAE3B612534FF88007933BE /* Project object */;
			proxyType = 1;
			remoteGlobalIDString = 3DAE3B682534FF88007933BE;
			remoteInfo = ImagenesYNavegacion;
		};
/* End PBXContainerItemProxy section */

/* Begin PBXFileReference section */
		3DAE3B692534FF88007933BE /* ImagenesYNavegacion.app */ = {isa = PBXFileReference; explicitFileType = wrapper.application; includeInIndex = 0; path = ImagenesYNavegacion.app; sourceTree = BUILT_PRODUCTS_DIR; };
		3DAE3B6C2534FF88007933BE /* AppDelegate.swift */ = {isa = PBXFileReference; lastKnownFileType = sourcecode.swift; path = AppDelegate.swift; sourceTree = "<group>"; };
		3DAE3B6E2534FF88007933BE /* ViewController.swift */ = {isa = PBXFileReference; lastKnownFileType = sourcecode.swift; path = ViewController.swift; sourceTree = "<group>"; };
		3DAE3B712534FF88007933BE /* Base */ = {isa = PBXFileReference; lastKnownFileType = file.storyboard; name = Base; path = Base.lproj/Main.storyboard; sourceTree = "<group>"; };
		3DAE3B732534FF8A007933BE /* Assets.xcassets */ = {isa = PBXFileReference; lastKnownFileType = folder.assetcatalog; path = Assets.xcassets; sourceTree = "<group>"; };
		3DAE3B762534FF8A007933BE /* Base */ = {isa = PBXFileReference; lastKnownFileType = file.storyboard; name = Base; path = Base.lproj/LaunchScreen.storyboard; sourceTree = "<group>"; };
		3DAE3B782534FF8A007933BE /* Info.plist */ = {isa = PBXFileReference; lastKnownFileType = text.plist.xml; path = Info.plist; sourceTree = "<group>"; };
		3DAE3B7D2534FF8A007933BE /* ImagenesYNavegacionTests.xctest */ = {isa = PBXFileReference; explicitFileType = wrapper.cfbundle; includeInIndex = 0; path = ImagenesYNavegacionTests.xctest; sourceTree = BUILT_PRODUCTS_DIR; };
		3DAE3B812534FF8A007933BE /* ImagenesYNavegacionTests.swift */ = {isa = PBXFileReference; lastKnownFileType = sourcecode.swift; path = ImagenesYNavegacionTests.swift; sourceTree = "<group>"; };
		3DAE3B832534FF8A007933BE /* Info.plist */ = {isa = PBXFileReference; lastKnownFileType = text.plist.xml; path = Info.plist; sourceTree = "<group>"; };
		3DAE3B882534FF8A007933BE /* ImagenesYNavegacionUITests.xctest */ = {isa = PBXFileReference; explicitFileType = wrapper.cfbundle; includeInIndex = 0; path = ImagenesYNavegacionUITests.xctest; sourceTree = BUILT_PRODUCTS_DIR; };
		3DAE3B8C2534FF8A007933BE /* ImagenesYNavegacionUITests.swift */ = {isa = PBXFileReference; lastKnownFileType = sourcecode.swift; path = ImagenesYNavegacionUITests.swift; sourceTree = "<group>"; };
		3DAE3B8E2534FF8B007933BE /* Info.plist */ = {isa = PBXFileReference; lastKnownFileType = text.plist.xml; path = Info.plist; sourceTree = "<group>"; };
/* End PBXFileReference section */

/* Begin PBXFrameworksBuildPhase section */
		3DAE3B662534FF88007933BE /* Frameworks */ = {
			isa = PBXFrameworksBuildPhase;
			buildActionMask = 2147483647;
			files = (
			);
			runOnlyForDeploymentPostprocessing = 0;
		};
		3DAE3B7A2534FF8A007933BE /* Frameworks */ = {
			isa = PBXFrameworksBuildPhase;
			buildActionMask = 2147483647;
			files = (
			);
			runOnlyForDeploymentPostprocessing = 0;
		};
		3DAE3B852534FF8A007933BE /* Frameworks */ = {
			isa = PBXFrameworksBuildPhase;
			buildActionMask = 2147483647;
			files = (
			);
			runOnlyForDeploymentPostprocessing = 0;
		};
/* End PBXFrameworksBuildPhase section */

/* Begin PBXGroup section */
		3DAE3B602534FF88007933BE = {
			isa = PBXGroup;
			children = (
				3DAE3B6B2534FF88007933BE /* ImagenesYNavegacion */,
				3DAE3B802534FF8A007933BE /* ImagenesYNavegacionTests */,
				3DAE3B8B2534FF8A007933BE /* ImagenesYNavegacionUITests */,
				3DAE3B6A2534FF88007933BE /* Products */,
			);
			sourceTree = "<group>";
		};
		3DAE3B6A2534FF88007933BE /* Products */ = {
			isa = PBXGroup;
			children = (
				3DAE3B692534FF88007933BE /* ImagenesYNavegacion.app */,
				3DAE3B7D2534FF8A007933BE /* ImagenesYNavegacionTests.xctest */,
				3DAE3B882534FF8A007933BE /* ImagenesYNavegacionUITests.xctest */,
			);
			name = Products;
			sourceTree = "<group>";
		};
		3DAE3B6B2534FF88007933BE /* ImagenesYNavegacion */ = {
			isa = PBXGroup;
			children = (
				3DAE3B6C2534FF88007933BE /* AppDelegate.swift */,
				3DAE3B6E2534FF88007933BE /* ViewController.swift */,
				3DAE3B702534FF88007933BE /* Main.storyboard */,
				3DAE3B732534FF8A007933BE /* Assets.xcassets */,
				3DAE3B752534FF8A007933BE /* LaunchScreen.storyboard */,
				3DAE3B782534FF8A007933BE /* Info.plist */,
			);
			path = ImagenesYNavegacion;
			sourceTree = "<group>";
		};
		3DAE3B802534FF8A007933BE /* ImagenesYNavegacionTests */ = {
			isa = PBXGroup;
			children = (
				3DAE3B812534FF8A007933BE /* ImagenesYNavegacionTests.swift */,
				3DAE3B832534FF8A007933BE /* Info.plist */,
			);
			path = ImagenesYNavegacionTests;
			sourceTree = "<group>";
		};
		3DAE3B8B2534FF8A007933BE /* ImagenesYNavegacionUITests */ = {
			isa = PBXGroup;
			children = (
				3DAE3B8C2534FF8A007933BE /* ImagenesYNavegacionUITests.swift */,
				3DAE3B8E2534FF8B007933BE /* Info.plist */,
			);
			path = ImagenesYNavegacionUITests;
			sourceTree = "<group>";
		};
/* End PBXGroup section */

/* Begin PBXNativeTarget section */
		3DAE3B682534FF88007933BE /* ImagenesYNavegacion */ = {
			isa = PBXNativeTarget;
			buildConfigurationList = 3DAE3B912534FF8B007933BE /* Build configuration list for PBXNativeTarget "ImagenesYNavegacion" */;
			buildPhases = (
				3DAE3B652534FF88007933BE /* Sources */,
				3DAE3B662534FF88007933BE /* Frameworks */,
				3DAE3B672534FF88007933BE /* Resources */,
			);
			buildRules = (
			);
			dependencies = (
			);
			name = ImagenesYNavegacion;
			productName = ImagenesYNavegacion;
			productReference = 3DAE3B692534FF88007933BE /* ImagenesYNavegacion.app */;
			productType = "com.apple.product-type.application";
		};
		3DAE3B7C2534FF8A007933BE /* ImagenesYNavegacionTests */ = {
			isa = PBXNativeTarget;
			buildConfigurationList = 3DAE3B942534FF8B007933BE /* Build configuration list for PBXNativeTarget "ImagenesYNavegacionTests" */;
			buildPhases = (
				3DAE3B792534FF8A007933BE /* Sources */,
				3DAE3B7A2534FF8A007933BE /* Frameworks */,
				3DAE3B7B2534FF8A007933BE /* Resources */,
			);
			buildRules = (
			);
			dependencies = (
				3DAE3B7F2534FF8A007933BE /* PBXTargetDependency */,
			);
			name = ImagenesYNavegacionTests;
			productName = ImagenesYNavegacionTests;
			productReference = 3DAE3B7D2534FF8A007933BE /* ImagenesYNavegacionTests.xctest */;
			productType = "com.apple.product-type.bundle.unit-test";
		};
		3DAE3B872534FF8A007933BE /* ImagenesYNavegacionUITests */ = {
			isa = PBXNativeTarget;
			buildConfigurationList = 3DAE3B972534FF8B007933BE /* Build configuration list for PBXNativeTarget "ImagenesYNavegacionUITests" */;
			buildPhases = (
				3DAE3B842534FF8A007933BE /* Sources */,
				3DAE3B852534FF8A007933BE /* Frameworks */,
				3DAE3B862534FF8A007933BE /* Resources */,
			);
			buildRules = (
			);
			dependencies = (
				3DAE3B8A2534FF8A007933BE /* PBXTargetDependency */,
			);
			name = ImagenesYNavegacionUITests;
			productName = ImagenesYNavegacionUITests;
			productReference = 3DAE3B882534FF8A007933BE /* ImagenesYNavegacionUITests.xctest */;
			productType = "com.apple.product-type.bundle.ui-testing";
		};
/* End PBXNativeTarget section */

/* Begin PBXProject section */
		3DAE3B612534FF88007933BE /* Project object */ = {
			isa = PBXProject;
			attributes = {
				LastSwiftUpdateCheck = 1030;
				LastUpgradeCheck = 1030;
				ORGANIZATIONNAME = Alumno;
				TargetAttributes = {
					3DAE3B682534FF88007933BE = {
						CreatedOnToolsVersion = 10.3;
					};
					3DAE3B7C2534FF8A007933BE = {
						CreatedOnToolsVersion = 10.3;
						TestTargetID = 3DAE3B682534FF88007933BE;
					};
					3DAE3B872534FF8A007933BE = {
						CreatedOnToolsVersion = 10.3;
						TestTargetID = 3DAE3B682534FF88007933BE;
					};
				};
			};
			buildConfigurationList = 3DAE3B642534FF88007933BE /* Build configuration list for PBXProject "ImagenesYNavegacion" */;
			compatibilityVersion = "Xcode 9.3";
			developmentRegion = en;
			hasScannedForEncodings = 0;
			knownRegions = (
				en,
				Base,
			);
			mainGroup = 3DAE3B602534FF88007933BE;
			productRefGroup = 3DAE3B6A2534FF88007933BE /* Products */;
			projectDirPath = "";
			projectRoot = "";
			targets = (
				3DAE3B682534FF88007933BE /* ImagenesYNavegacion */,
				3DAE3B7C2534FF8A007933BE /* ImagenesYNavegacionTests */,
				3DAE3B872534FF8A007933BE /* ImagenesYNavegacionUITests */,
			);
		};
/* End PBXProject section */

/* Begin PBXResourcesBuildPhase section */
		3DAE3B672534FF88007933BE /* Resources */ = {
			isa = PBXResourcesBuildPhase;
			buildActionMask = 2147483647;
			files = (
				3DAE3B772534FF8A007933BE /* LaunchScreen.storyboard in Resources */,
				3DAE3B742534FF8A007933BE /* Assets.xcassets in Resources */,
				3DAE3B722534FF88007933BE /* Main.storyboard in Resources */,
			);
			runOnlyForDeploymentPostprocessing = 0;
		};
		3DAE3B7B2534FF8A007933BE /* Resources */ = {
			isa = PBXResourcesBuildPhase;
			buildActionMask = 2147483647;
			files = (
			);
			runOnlyForDeploymentPostprocessing = 0;
		};
		3DAE3B862534FF8A007933BE /* Resources */ = {
			isa = PBXResourcesBuildPhase;
			buildActionMask = 2147483647;
			files = (
			);
			runOnlyForDeploymentPostprocessing = 0;
		};
/* End PBXResourcesBuildPhase section */

/* Begin PBXSourcesBuildPhase section */
		3DAE3B652534FF88007933BE /* Sources */ = {
			isa = PBXSourcesBuildPhase;
			buildActionMask = 2147483647;
			files = (
				3DAE3B6F2534FF88007933BE /* ViewController.swift in Sources */,
				3DAE3B6D2534FF88007933BE /* AppDelegate.swift in Sources */,
			);
			runOnlyForDeploymentPostprocessing = 0;
		};
		3DAE3B792534FF8A007933BE /* Sources */ = {
			isa = PBXSourcesBuildPhase;
			buildActionMask = 2147483647;
			files = (
				3DAE3B822534FF8A007933BE /* ImagenesYNavegacionTests.swift in Sources */,
			);
			runOnlyForDeploymentPostprocessing = 0;
		};
		3DAE3B842534FF8A007933BE /* Sources */ = {
			isa = PBXSourcesBuildPhase;
			buildActionMask = 2147483647;
			files = (
				3DAE3B8D2534FF8A007933BE /* ImagenesYNavegacionUITests.swift in Sources */,
			);
			runOnlyForDeploymentPostprocessing = 0;
		};
/* End PBXSourcesBuildPhase section */

/* Begin PBXTargetDependency section */
		3DAE3B7F2534FF8A007933BE /* PBXTargetDependency */ = {
			isa = PBXTargetDependency;
			target = 3DAE3B682534FF88007933BE /* ImagenesYNavegacion */;
			targetProxy = 3DAE3B7E2534FF8A007933BE /* PBXContainerItemProxy */;
		};
		3DAE3B8A2534FF8A007933BE /* PBXTargetDependency */ = {
			isa = PBXTargetDependency;
			target = 3DAE3B682534FF88007933BE /* ImagenesYNavegacion */;
			targetProxy = 3DAE3B892534FF8A007933BE /* PBXContainerItemProxy */;
		};
/* End PBXTargetDependency section */

/* Begin PBXVariantGroup section */
		3DAE3B702534FF88007933BE /* Main.storyboard */ = {
			isa = PBXVariantGroup;
			children = (
				3DAE3B712534FF88007933BE /* Base */,
			);
			name = Main.storyboard;
			sourceTree = "<group>";
		};
		3DAE3B752534FF8A007933BE /* LaunchScreen.storyboard */ = {
			isa = PBXVariantGroup;
			children = (
				3DAE3B762534FF8A007933BE /* Base */,
			);
			name = LaunchScreen.storyboard;
			sourceTree = "<group>";
		};
/* End PBXVariantGroup section */

/* Begin XCBuildConfiguration section */
		3DAE3B8F2534FF8B007933BE /* Debug */ = {
			isa = XCBuildConfiguration;
			buildSettings = {
				ALWAYS_SEARCH_USER_PATHS = NO;
				CLANG_ANALYZER_NONNULL = YES;
				CLANG_ANALYZER_NUMBER_OBJECT_CONVERSION = YES_AGGRESSIVE;
				CLANG_CXX_LANGUAGE_STANDARD = "gnu++14";
				CLANG_CXX_LIBRARY = "libc++";
				CLANG_ENABLE_MODULES = YES;
				CLANG_ENABLE_OBJC_ARC = YES;
				CLANG_ENABLE_OBJC_WEAK = YES;
				CLANG_WARN_BLOCK_CAPTURE_AUTORELEASING = YES;
				CLANG_WARN_BOOL_CONVERSION = YES;
				CLANG_WARN_COMMA = YES;
				CLANG_WARN_CONSTANT_CONVERSION = YES;
				CLANG_WARN_DEPRECATED_OBJC_IMPLEMENTATIONS = YES;
				CLANG_WARN_DIRECT_OBJC_ISA_USAGE = YES_ERROR;
				CLANG_WARN_DOCUMENTATION_COMMENTS = YES;
				CLANG_WARN_EMPTY_BODY = YES;
				CLANG_WARN_ENUM_CONVERSION = YES;
				CLANG_WARN_INFINITE_RECURSION = YES;
				CLANG_WARN_INT_CONVERSION = YES;
				CLANG_WARN_NON_LITERAL_NULL_CONVERSION = YES;
				CLANG_WARN_OBJC_IMPLICIT_RETAIN_SELF = YES;
				CLANG_WARN_OBJC_LITERAL_CONVERSION = YES;
				CLANG_WARN_OBJC_ROOT_CLASS = YES_ERROR;
				CLANG_WARN_RANGE_LOOP_ANALYSIS = YES;
				CLANG_WARN_STRICT_PROTOTYPES = YES;
				CLANG_WARN_SUSPICIOUS_MOVE = YES;
				CLANG_WARN_UNGUARDED_AVAILABILITY = YES_AGGRESSIVE;
				CLANG_WARN_UNREACHABLE_CODE = YES;
				CLANG_WARN__DUPLICATE_METHOD_MATCH = YES;
				CODE_SIGN_IDENTITY = "iPhone Developer";
				COPY_PHASE_STRIP = NO;
				DEBUG_INFORMATION_FORMAT = dwarf;
				ENABLE_STRICT_OBJC_MSGSEND = YES;
				ENABLE_TESTABILITY = YES;
				GCC_C_LANGUAGE_STANDARD = gnu11;
				GCC_DYNAMIC_NO_PIC = NO;
				GCC_NO_COMMON_BLOCKS = YES;
				GCC_OPTIMIZATION_LEVEL = 0;
				GCC_PREPROCESSOR_DEFINITIONS = (
					"DEBUG=1",
					"$(inherited)",
				);
				GCC_WARN_64_TO_32_BIT_CONVERSION = YES;
				GCC_WARN_ABOUT_RETURN_TYPE = YES_ERROR;
				GCC_WARN_UNDECLARED_SELECTOR = YES;
				GCC_WARN_UNINITIALIZED_AUTOS = YES_AGGRESSIVE;
				GCC_WARN_UNUSED_FUNCTION = YES;
				GCC_WARN_UNUSED_VARIABLE = YES;
				IPHONEOS_DEPLOYMENT_TARGET = 12.4;
				MTL_ENABLE_DEBUG_INFO = INCLUDE_SOURCE;
				MTL_FAST_MATH = YES;
				ONLY_ACTIVE_ARCH = YES;
				SDKROOT = iphoneos;
				SWIFT_ACTIVE_COMPILATION_CONDITIONS = DEBUG;
				SWIFT_OPTIMIZATION_LEVEL = "-Onone";
			};
			name = Debug;
		};
		3DAE3B902534FF8B007933BE /* Release */ = {
			isa = XCBuildConfiguration;
			buildSettings = {
				ALWAYS_SEARCH_USER_PATHS = NO;
				CLANG_ANALYZER_NONNULL = YES;
				CLANG_ANALYZER_NUMBER_OBJECT_CONVERSION = YES_AGGRESSIVE;
				CLANG_CXX_LANGUAGE_STANDARD = "gnu++14";
				CLANG_CXX_LIBRARY = "libc++";
				CLANG_ENABLE_MODULES = YES;
				CLANG_ENABLE_OBJC_ARC = YES;
				CLANG_ENABLE_OBJC_WEAK = YES;
				CLANG_WARN_BLOCK_CAPTURE_AUTORELEASING = YES;
				CLANG_WARN_BOOL_CONVERSION = YES;
				CLANG_WARN_COMMA = YES;
				CLANG_WARN_CONSTANT_CONVERSION = YES;
				CLANG_WARN_DEPRECATED_OBJC_IMPLEMENTATIONS = YES;
				CLANG_WARN_DIRECT_OBJC_ISA_USAGE = YES_ERROR;
				CLANG_WARN_DOCUMENTATION_COMMENTS = YES;
				CLANG_WARN_EMPTY_BODY = YES;
				CLANG_WARN_ENUM_CONVERSION = YES;
				CLANG_WARN_INFINITE_RECURSION = YES;
				CLANG_WARN_INT_CONVERSION = YES;
				CLANG_WARN_NON_LITERAL_NULL_CONVERSION = YES;
				CLANG_WARN_OBJC_IMPLICIT_RETAIN_SELF = YES;
				CLANG_WARN_OBJC_LITERAL_CONVERSION = YES;
				CLANG_WARN_OBJC_ROOT_CLASS = YES_ERROR;
				CLANG_WARN_RANGE_LOOP_ANALYSIS = YES;
				CLANG_WARN_STRICT_PROTOTYPES = YES;
				CLANG_WARN_SUSPICIOUS_MOVE = YES;
				CLANG_WARN_UNGUARDED_AVAILABILITY = YES_AGGRESSIVE;
				CLANG_WARN_UNREACHABLE_CODE = YES;
				CLANG_WARN__DUPLICATE_METHOD_MATCH = YES;
				CODE_SIGN_IDENTITY = "iPhone Developer";
				COPY_PHASE_STRIP = NO;
				DEBUG_INFORMATION_FORMAT = "dwarf-with-dsym";
				ENABLE_NS_ASSERTIONS = NO;
				ENABLE_STRICT_OBJC_MSGSEND = YES;
				GCC_C_LANGUAGE_STANDARD = gnu11;
				GCC_NO_COMMON_BLOCKS = YES;
				GCC_WARN_64_TO_32_BIT_CONVERSION = YES;
				GCC_WARN_ABOUT_RETURN_TYPE = YES_ERROR;
				GCC_WARN_UNDECLARED_SELECTOR = YES;
				GCC_WARN_UNINITIALIZED_AUTOS = YES_AGGRESSIVE;
				GCC_WARN_UNUSED_FUNCTION = YES;
				GCC_WARN_UNUSED_VARIABLE = YES;
				IPHONEOS_DEPLOYMENT_TARGET = 12.4;
				MTL_ENABLE_DEBUG_INFO = NO;
				MTL_FAST_MATH = YES;
				SDKROOT = iphoneos;
				SWIFT_COMPILATION_MODE = wholemodule;
				SWIFT_OPTIMIZATION_LEVEL = "-O";
				VALIDATE_PRODUCT = YES;
			};
			name = Release;
		};
		3DAE3B922534FF8B007933BE /* Debug */ = {
			isa = XCBuildConfiguration;
			buildSettings = {
				ASSETCATALOG_COMPILER_APPICON_NAME = AppIcon;
				CODE_SIGN_STYLE = Automatic;
				INFOPLIST_FILE = ImagenesYNavegacion/Info.plist;
				LD_RUNPATH_SEARCH_PATHS = (
					"$(inherited)",
					"@executable_path/Frameworks",
				);
				PRODUCT_BUNDLE_IDENTIFIER = ulsa.edu.ImagenesYNavegacion;
				PRODUCT_NAME = "$(TARGET_NAME)";
				SWIFT_VERSION = 5.0;
				TARGETED_DEVICE_FAMILY = "1,2";
			};
			name = Debug;
		};
		3DAE3B932534FF8B007933BE /* Release */ = {
			isa = XCBuildConfiguration;
			buildSettings = {
				ASSETCATALOG_COMPILER_APPICON_NAME = AppIcon;
				CODE_SIGN_STYLE = Automatic;
				INFOPLIST_FILE = ImagenesYNavegacion/Info.plist;
				LD_RUNPATH_SEARCH_PATHS = (
					"$(inherited)",
					"@executable_path/Frameworks",
				);
				PRODUCT_BUNDLE_IDENTIFIER = ulsa.edu.ImagenesYNavegacion;
				PRODUCT_NAME = "$(TARGET_NAME)";
				SWIFT_VERSION = 5.0;
				TARGETED_DEVICE_FAMILY = "1,2";
			};
			name = Release;
		};
		3DAE3B952534FF8B007933BE /* Debug */ = {
			isa = XCBuildConfiguration;
			buildSettings = {
				ALWAYS_EMBED_SWIFT_STANDARD_LIBRARIES = YES;
				BUNDLE_LOADER = "$(TEST_HOST)";
				CODE_SIGN_STYLE = Automatic;
				INFOPLIST_FILE = ImagenesYNavegacionTests/Info.plist;
				LD_RUNPATH_SEARCH_PATHS = (
					"$(inherited)",
					"@executable_path/Frameworks",
					"@loader_path/Frameworks",
				);
				PRODUCT_BUNDLE_IDENTIFIER = ulsa.edu.ImagenesYNavegacionTests;
				PRODUCT_NAME = "$(TARGET_NAME)";
				SWIFT_VERSION = 5.0;
				TARGETED_DEVICE_FAMILY = "1,2";
				TEST_HOST = "$(BUILT_PRODUCTS_DIR)/ImagenesYNavegacion.app/ImagenesYNavegacion";
			};
			name = Debug;
		};
		3DAE3B962534FF8B007933BE /* Release */ = {
			isa = XCBuildConfiguration;
			buildSettings = {
				ALWAYS_EMBED_SWIFT_STANDARD_LIBRARIES = YES;
				BUNDLE_LOADER = "$(TEST_HOST)";
				CODE_SIGN_STYLE = Automatic;
				INFOPLIST_FILE = ImagenesYNavegacionTests/Info.plist;
				LD_RUNPATH_SEARCH_PATHS = (
					"$(inherited)",
					"@executable_path/Frameworks",
					"@loader_path/Frameworks",
				);
				PRODUCT_BUNDLE_IDENTIFIER = ulsa.edu.ImagenesYNavegacionTests;
				PRODUCT_NAME = "$(TARGET_NAME)";
				SWIFT_VERSION = 5.0;
				TARGETED_DEVICE_FAMILY = "1,2";
				TEST_HOST = "$(BUILT_PRODUCTS_DIR)/ImagenesYNavegacion.app/ImagenesYNavegacion";
			};
			name = Release;
		};
		3DAE3B982534FF8B007933BE /* Debug */ = {
			isa = XCBuildConfiguration;
			buildSettings = {
				ALWAYS_EMBED_SWIFT_STANDARD_LIBRARIES = YES;
				CODE_SIGN_STYLE = Automatic;
				INFOPLIST_FILE = ImagenesYNavegacionUITests/Info.plist;
				LD_RUNPATH_SEARCH_PATHS = (
					"$(inherited)",
					"@executable_path/Frameworks",
					"@loader_path/Frameworks",
				);
				PRODUCT_BUNDLE_IDENTIFIER = ulsa.edu.ImagenesYNavegacionUITests;
				PRODUCT_NAME = "$(TARGET_NAME)";
				SWIFT_VERSION = 5.0;
				TARGETED_DEVICE_FAMILY = "1,2";
				TEST_TARGET_NAME = ImagenesYNavegacion;
			};
			name = Debug;
		};
		3DAE3B992534FF8B007933BE /* Release */ = {
			isa = XCBuildConfiguration;
			buildSettings = {
				ALWAYS_EMBED_SWIFT_STANDARD_LIBRARIES = YES;
				CODE_SIGN_STYLE = Automatic;
				INFOPLIST_FILE = ImagenesYNavegacionUITests/Info.plist;
				LD_RUNPATH_SEARCH_PATHS = (
					"$(inherited)",
					"@executable_path/Frameworks",
					"@loader_path/Frameworks",
				);
				PRODUCT_BUNDLE_IDENTIFIER = ulsa.edu.ImagenesYNavegacionUITests;
				PRODUCT_NAME = "$(TARGET_NAME)";
				SWIFT_VERSION = 5.0;
				TARGETED_DEVICE_FAMILY = "1,2";
				TEST_TARGET_NAME = ImagenesYNavegacion;
			};
			name = Release;
		};
/* End XCBuildConfiguration section */

/* Begin XCConfigurationList section */
		3DAE3B642534FF88007933BE /* Build configuration list for PBXProject "ImagenesYNavegacion" */ = {
			isa = XCConfigurationList;
			buildConfigurations = (
				3DAE3B8F2534FF8B007933BE /* Debug */,
				3DAE3B902534FF8B007933BE /* Release */,
			);
			defaultConfigurationIsVisible = 0;
			defaultConfigurationName = Release;
		};
		3DAE3B912534FF8B007933BE /* Build configuration list for PBXNativeTarget "ImagenesYNavegacion" */ = {
			isa = XCConfigurationList;
			buildConfigurations = (
				3DAE3B922534FF8B007933BE /* Debug */,
				3DAE3B932534FF8B007933BE /* Release */,
			);
			defaultConfigurationIsVisible = 0;
			defaultConfigurationName = Release;
		};
		3DAE3B942534FF8B007933BE /* Build configuration list for PBXNativeTarget "ImagenesYNavegacionTests" */ = {
			isa = XCConfigurationList;
			buildConfigurations = (
				3DAE3B952534FF8B007933BE /* Debug */,
				3DAE3B962534FF8B007933BE /* Release */,
			);
			defaultConfigurationIsVisible = 0;
			defaultConfigurationName = Release;
		};
		3DAE3B972534FF8B007933BE /* Build configuration list for PBXNativeTarget "ImagenesYNavegacionUITests" */ = {
			isa = XCConfigurationList;
			buildConfigurations = (
				3DAE3B982534FF8B007933BE /* Debug */,
				3DAE3B992534FF8B007933BE /* Release */,
			);
			defaultConfigurationIsVisible = 0;
			defaultConfigurationName = Release;
		};
/* End XCConfigurationList section */
	};
	rootObject = 3DAE3B612534FF88007933BE /* Project object */;
}
